
Microsoft Visual Studio Solution File, Format Version 12.00
# Visual Studio Version 16
VisualStudioVersion = 16.0.30611.23
MinimumVisualStudioVersion = 10.0.40219.1
Project("{FAE04EC0-301F-11D3-BF4B-00C04F79EFBC}") = "CognitiveServicesFace", "CognitiveServicesFace\CognitiveServicesFace.csproj", "{F86FD424-D48C-45CC-BF30-4DADE88DC3FE}"
EndProject
Global
	GlobalSection(SolutionConfigurationPlatforms) = preSolution
		Debug|Any CPU = Debug|Any CPU
		Release|Any CPU = Release|Any CPU
	EndGlobalSection
	GlobalSection(ProjectConfigurationPlatforms) = postSolution
		{F86FD424-D48C-45CC-BF30-4DADE88DC3FE}.Debug|Any CPU.ActiveCfg = Debug|Any CPU
		{F86FD424-D48C-45CC-BF30-4DADE88DC3FE}.Debug|Any CPU.Build.0 = Debug|Any CPU
		{F86FD424-D48C-45CC-BF30-4DADE88DC3FE}.Release|Any CPU.ActiveCfg = Release|Any CPU
		{F86FD424-D48C-45CC-BF30-4DADE88DC3FE}.Release|Any CPU.Build.0 = Release|Any CPU
	EndGlobalSection
	GlobalSection(SolutionProperties) = preSolution
		HideSolutionNode = FALSE
	EndGlobalSection
	GlobalSection(ExtensibilityGlobals) = postSolution
		SolutionGuid = {C8C22AC3-FF54-4EC2-A6CD-35A93868AAFE}
	EndGlobalSection
EndGlobal
